
Microsoft Visual Studio Solution File, Format Version 12.00
# Visual Studio 15
VisualStudioVersion = 15.0.27004.2006
MinimumVisualStudioVersion = 10.0.40219.1
Project("{FAE04EC0-301F-11D3-BF4B-00C04F79EFBC}") = "DZ1-1", "TestApp2\DZ1-1.csproj", "{D4D60D0D-C7D8-4468-99F5-9CF89E7E7083}"
EndProject
Project("{FAE04EC0-301F-11D3-BF4B-00C04F79EFBC}") = "DZ1-2", "DZ1-2\DZ1-2.csproj", "{0158775F-7349-4BC0-BE38-CA0E4B8052BE}"
EndProject
Project("{FAE04EC0-301F-11D3-BF4B-00C04F79EFBC}") = "DZ1-3", "DZ1-3\DZ1-3.csproj", "{AA0EA7B2-8BCD-48F1-995E-A4AE91047B80}"
EndProject
Project("{FAE04EC0-301F-11D3-BF4B-00C04F79EFBC}") = "DZ1-4", "DZ1-4\DZ1-4.csproj", "{03CF44C6-DA2B-4D91-8932-120D91B7ECEF}"
EndProject
Project("{FAE04EC0-301F-11D3-BF4B-00C04F79EFBC}") = "DZ1-5", "DZ1-5\DZ1-5.csproj", "{681E583B-28CC-4577-BD23-91B4ECE3FC86}"
EndProject
Global
	GlobalSection(SolutionConfigurationPlatforms) = preSolution
		Debug|Any CPU = Debug|Any CPU
		Release|Any CPU = Release|Any CPU
	EndGlobalSection
	GlobalSection(ProjectConfigurationPlatforms) = postSolution
		{D4D60D0D-C7D8-4468-99F5-9CF89E7E7083}.Debug|Any CPU.ActiveCfg = Debug|Any CPU
		{D4D60D0D-C7D8-4468-99F5-9CF89E7E7083}.Debug|Any CPU.Build.0 = Debug|Any CPU
		{D4D60D0D-C7D8-4468-99F5-9CF89E7E7083}.Release|Any CPU.ActiveCfg = Release|Any CPU
		{D4D60D0D-C7D8-4468-99F5-9CF89E7E7083}.Release|Any CPU.Build.0 = Release|Any CPU
		{0158775F-7349-4BC0-BE38-CA0E4B8052BE}.Debug|Any CPU.ActiveCfg = Debug|Any CPU
		{0158775F-7349-4BC0-BE38-CA0E4B8052BE}.Debug|Any CPU.Build.0 = Debug|Any CPU
		{0158775F-7349-4BC0-BE38-CA0E4B8052BE}.Release|Any CPU.ActiveCfg = Release|Any CPU
		{0158775F-7349-4BC0-BE38-CA0E4B8052BE}.Release|Any CPU.Build.0 = Release|Any CPU
		{AA0EA7B2-8BCD-48F1-995E-A4AE91047B80}.Debug|Any CPU.ActiveCfg = Debug|Any CPU
		{AA0EA7B2-8BCD-48F1-995E-A4AE91047B80}.Debug|Any CPU.Build.0 = Debug|Any CPU
		{AA0EA7B2-8BCD-48F1-995E-A4AE91047B80}.Release|Any CPU.ActiveCfg = Release|Any CPU
		{AA0EA7B2-8BCD-48F1-995E-A4AE91047B80}.Release|Any CPU.Build.0 = Release|Any CPU
		{03CF44C6-DA2B-4D91-8932-120D91B7ECEF}.Debug|Any CPU.ActiveCfg = Debug|Any CPU
		{03CF44C6-DA2B-4D91-8932-120D91B7ECEF}.Debug|Any CPU.Build.0 = Debug|Any CPU
		{03CF44C6-DA2B-4D91-8932-120D91B7ECEF}.Release|Any CPU.ActiveCfg = Release|Any CPU
		{03CF44C6-DA2B-4D91-8932-120D91B7ECEF}.Release|Any CPU.Build.0 = Release|Any CPU
		{681E583B-28CC-4577-BD23-91B4ECE3FC86}.Debug|Any CPU.ActiveCfg = Debug|Any CPU
		{681E583B-28CC-4577-BD23-91B4ECE3FC86}.Debug|Any CPU.Build.0 = Debug|Any CPU
		{681E583B-28CC-4577-BD23-91B4ECE3FC86}.Release|Any CPU.ActiveCfg = Release|Any CPU
		{681E583B-28CC-4577-BD23-91B4ECE3FC86}.Release|Any CPU.Build.0 = Release|Any CPU
	EndGlobalSection
	GlobalSection(SolutionProperties) = preSolution
		HideSolutionNode = FALSE
	EndGlobalSection
	GlobalSection(ExtensibilityGlobals) = postSolution
		SolutionGuid = {3BEEB924-27E6-400F-8794-CEB94A3F7393}
	EndGlobalSection
EndGlobal
